# THIS IS AN AUTOGENERATED FILE. DO NOT EDIT THIS FILE DIRECTLY.
# yarn lockfile v1


cjs-eslint-config@^1.1.0:
  version "1.1.0"
  resolved "http://10.118.48.2:4873/cjs-eslint-config/-/cjs-eslint-config-1.1.0.tgz#c405e618327b4c3b8128d4f24de977a90359fa49"

debug@^3.0.1:
  version "3.0.1"
  resolved "http://10.118.48.2:4873/debug/-/debug-3.0.1.tgz#0564c612b521dc92d9f2988f0549e34f9c98db64"
  dependencies:
    ms "2.0.0"

ms@2.0.0:
  version "2.0.0"
  resolved "http://10.118.48.2:4873/ms/-/ms-2.0.0.tgz#5608aeadfc00be6c2901df5f9861788de0d597c8"
